
Microsoft Visual Studio Solution File, Format Version 12.00
# Visual Studio Version 17
VisualStudioVersion = 17.11.35303.130
MinimumVisualStudioVersion = 10.0.40219.1
Project("{FAE04EC0-301F-11D3-BF4B-00C04F79EFBC}") = "Poker_Game", "Poker_Game.csproj", "{71BC61B2-7529-4361-8602-ECCCAB1B2D99}"
EndProject
Global
	GlobalSection(SolutionConfigurationPlatforms) = preSolution
		Debug|Any CPU = Debug|Any CPU
		Release|Any CPU = Release|Any CPU
	EndGlobalSection
	GlobalSection(ProjectConfigurationPlatforms) = postSolution
		{71BC61B2-7529-4361-8602-ECCCAB1B2D99}.Debug|Any CPU.ActiveCfg = Debug|Any CPU
		{71BC61B2-7529-4361-8602-ECCCAB1B2D99}.Debug|Any CPU.Build.0 = Debug|Any CPU
		{71BC61B2-7529-4361-8602-ECCCAB1B2D99}.Release|Any CPU.ActiveCfg = Release|Any CPU
		{71BC61B2-7529-4361-8602-ECCCAB1B2D99}.Release|Any CPU.Build.0 = Release|Any CPU
	EndGlobalSection
	GlobalSection(SolutionProperties) = preSolution
		HideSolutionNode = FALSE
	EndGlobalSection
	GlobalSection(ExtensibilityGlobals) = postSolution
		SolutionGuid = {422EEB7B-F1CB-4932-A7AC-6C6B5C10A59E}
	EndGlobalSection
EndGlobal
